{
  "name": "guns-vip-main",
  "version": "1.0.0",
  "lockfileVersion": 2,
  "requires": true,
  "packages": {
    "": {
      "name": "guns-vip-main",
      "version": "1.0.0",
      "dependencies": {
        "dingtalk-design-libs": "^0.2.0"
      }
    },
    "node_modules/axios": {
      "version": "0.21.4",
      "resolved": "https://registry.npmjs.org/axios/-/axios-0.21.4.tgz",
      "integrity": "sha512-ut5vewkiu8jjGBdqpM44XxjuCjq9LAKeHVmoVfHVzy8eHgxxq8SbAVQNovDA8mVi05kP0Ea/n/UzcSHcTJQfNg==",
      "dependencies": {
        "follow-redirects": "^1.14.0"
      }
    },
    "node_modules/decode-uri-component": {
      "version": "0.2.2",
      "resolved": "https://registry.npmjs.org/decode-uri-component/-/decode-uri-component-0.2.2.tgz",
      "integrity": "sha512-FqUYQ+8o158GyGTrMFJms9qh3CqTKvAqgqsTnkLI8sKu0028orqBhxNMFkFen0zGyg6epACD32pjVk58ngIErQ==",
      "engines": {
        "node": ">=0.10"
      }
    },
    "node_modules/dingtalk-design-libs": {
      "version": "0.2.0",
      "resolved": "https://registry.npmjs.org/dingtalk-design-libs/-/dingtalk-design-libs-0.2.0.tgz",
      "integrity": "sha512-A5w1sOqtyfB6SfqdXVmZ6Ml3oNOZN+sYTnm377nC0Bc2qcPYzt3pfPwZ/dsCV1kqTgbdCgGj8n3mzd2NxP7zuw==",
      "dependencies": {
        "axios": "^0.21.1",
        "dingtalk-jsapi": "*",
        "eventemitter2": "^6.4.4",
        "query-string": "^5.1.1"
      }
    },
    "node_modules/dingtalk-jsapi": {
      "version": "3.0.20",
      "resolved": "https://registry.npmjs.org/dingtalk-jsapi/-/dingtalk-jsapi-3.0.20.tgz",
      "integrity": "sha512-t9eoamS+bc8QE+MtKQvNlJlvKwUg/8YuHpeff/xU0Y7b6Werrd8mropPkZO8PqV8QcXDxwGmTpSe0SoOmdIIgw==",
      "dependencies": {
        "promise-polyfill": "^7.1.0"
      }
    },
    "node_modules/eventemitter2": {
      "version": "6.4.9",
      "resolved": "https://registry.npmjs.org/eventemitter2/-/eventemitter2-6.4.9.tgz",
      "integrity": "sha512-JEPTiaOt9f04oa6NOkc4aH+nVp5I3wEjpHbIPqfgCdD5v5bUzy7xQqwcVO2aDQgOWhI28da57HksMrzK9HlRxg=="
    },
    "node_modules/follow-redirects": {
      "version": "1.15.2",
      "resolved": "https://registry.npmjs.org/follow-redirects/-/follow-redirects-1.15.2.tgz",
      "integrity": "sha512-VQLG33o04KaQ8uYi2tVNbdrWp1QWxNNea+nmIB4EVM28v0hmP17z7aG1+wAkNzVq4KeXTq3221ye5qTJP91JwA==",
      "funding": [
        {
          "type": "individual",
          "url": "https://github.com/sponsors/RubenVerborgh"
        }
      ],
      "engines": {
        "node": ">=4.0"
      },
      "peerDependenciesMeta": {
        "debug": {
          "optional": true
        }
      }
    },
    "node_modules/object-assign": {
      "version": "4.1.1",
      "resolved": "https://registry.npmjs.org/object-assign/-/object-assign-4.1.1.tgz",
      "integrity": "sha512-rJgTQnkUnH1sFw8yT6VSU3zD3sWmu6sZhIseY8VX+GRu3P6F7Fu+JNDoXfklElbLJSnc3FUQHVe4cU5hj+BcUg==",
      "engines": {
        "node": ">=0.10.0"
      }
    },
    "node_modules/promise-polyfill": {
      "version": "7.1.2",
      "resolved": "https://registry.npmjs.org/promise-polyfill/-/promise-polyfill-7.1.2.tgz",
      "integrity": "sha512-FuEc12/eKqqoRYIGBrUptCBRhobL19PS2U31vMNTfyck1FxPyMfgsXyW4Mav85y/ZN1hop3hOwRlUDok23oYfQ=="
    },
    "node_modules/query-string": {
      "version": "5.1.1",
      "resolved": "https://registry.npmjs.org/query-string/-/query-string-5.1.1.tgz",
      "integrity": "sha512-gjWOsm2SoGlgLEdAGt7a6slVOk9mGiXmPFMqrEhLQ68rhQuBnpfs3+EmlvqKyxnCo9/PPlF+9MtY02S1aFg+Jw==",
      "dependencies": {
        "decode-uri-component": "^0.2.0",
        "object-assign": "^4.1.0",
        "strict-uri-encode": "^1.0.0"
      },
      "engines": {
        "node": ">=0.10.0"
      }
    },
    "node_modules/strict-uri-encode": {
      "version": "1.1.0",
      "resolved": "https://registry.npmjs.org/strict-uri-encode/-/strict-uri-encode-1.1.0.tgz",
      "integrity": "sha512-R3f198pcvnB+5IpnBlRkphuE9n46WyVl8I39W/ZUTZLz4nqSP/oLYUrcnJrw462Ds8he4YKMov2efsTIw1BDGQ==",
      "engines": {
        "node": ">=0.10.0"
      }
    }
  },
  "dependencies": {
    "axios": {
      "version": "0.21.4",
      "resolved": "https://registry.npmjs.org/axios/-/axios-0.21.4.tgz",
      "integrity": "sha512-ut5vewkiu8jjGBdqpM44XxjuCjq9LAKeHVmoVfHVzy8eHgxxq8SbAVQNovDA8mVi05kP0Ea/n/UzcSHcTJQfNg==",
      "requires": {
        "follow-redirects": "^1.14.0"
      }
    },
    "decode-uri-component": {
      "version": "0.2.2",
      "resolved": "https://registry.npmjs.org/decode-uri-component/-/decode-uri-component-0.2.2.tgz",
      "integrity": "sha512-FqUYQ+8o158GyGTrMFJms9qh3CqTKvAqgqsTnkLI8sKu0028orqBhxNMFkFen0zGyg6epACD32pjVk58ngIErQ=="
    },
    "dingtalk-design-libs": {
      "version": "0.2.0",
      "resolved": "https://registry.npmjs.org/dingtalk-design-libs/-/dingtalk-design-libs-0.2.0.tgz",
      "integrity": "sha512-A5w1sOqtyfB6SfqdXVmZ6Ml3oNOZN+sYTnm377nC0Bc2qcPYzt3pfPwZ/dsCV1kqTgbdCgGj8n3mzd2NxP7zuw==",
      "requires": {
        "axios": "^0.21.1",
        "dingtalk-jsapi": "*",
        "eventemitter2": "^6.4.4",
        "query-string": "^5.1.1"
      }
    },
    "dingtalk-jsapi": {
      "version": "3.0.20",
      "resolved": "https://registry.npmjs.org/dingtalk-jsapi/-/dingtalk-jsapi-3.0.20.tgz",
      "integrity": "sha512-t9eoamS+bc8QE+MtKQvNlJlvKwUg/8YuHpeff/xU0Y7b6Werrd8mropPkZO8PqV8QcXDxwGmTpSe0SoOmdIIgw==",
      "requires": {
        "promise-polyfill": "^7.1.0"
      }
    },
    "eventemitter2": {
      "version": "6.4.9",
      "resolved": "https://registry.npmjs.org/eventemitter2/-/eventemitter2-6.4.9.tgz",
      "integrity": "sha512-JEPTiaOt9f04oa6NOkc4aH+nVp5I3wEjpHbIPqfgCdD5v5bUzy7xQqwcVO2aDQgOWhI28da57HksMrzK9HlRxg=="
    },
    "follow-redirects": {
      "version": "1.15.2",
      "resolved": "https://registry.npmjs.org/follow-redirects/-/follow-redirects-1.15.2.tgz",
      "integrity": "sha512-VQLG33o04KaQ8uYi2tVNbdrWp1QWxNNea+nmIB4EVM28v0hmP17z7aG1+wAkNzVq4KeXTq3221ye5qTJP91JwA=="
    },
    "object-assign": {
      "version": "4.1.1",
      "resolved": "https://registry.npmjs.org/object-assign/-/object-assign-4.1.1.tgz",
      "integrity": "sha512-rJgTQnkUnH1sFw8yT6VSU3zD3sWmu6sZhIseY8VX+GRu3P6F7Fu+JNDoXfklElbLJSnc3FUQHVe4cU5hj+BcUg=="
    },
    "promise-polyfill": {
      "version": "7.1.2",
      "resolved": "https://registry.npmjs.org/promise-polyfill/-/promise-polyfill-7.1.2.tgz",
      "integrity": "sha512-FuEc12/eKqqoRYIGBrUptCBRhobL19PS2U31vMNTfyck1FxPyMfgsXyW4Mav85y/ZN1hop3hOwRlUDok23oYfQ=="
    },
    "query-string": {
      "version": "5.1.1",
      "resolved": "https://registry.npmjs.org/query-string/-/query-string-5.1.1.tgz",
      "integrity": "sha512-gjWOsm2SoGlgLEdAGt7a6slVOk9mGiXmPFMqrEhLQ68rhQuBnpfs3+EmlvqKyxnCo9/PPlF+9MtY02S1aFg+Jw==",
      "requires": {
        "decode-uri-component": "^0.2.0",
        "object-assign": "^4.1.0",
        "strict-uri-encode": "^1.0.0"
      }
    },
    "strict-uri-encode": {
      "version": "1.1.0",
      "resolved": "https://registry.npmjs.org/strict-uri-encode/-/strict-uri-encode-1.1.0.tgz",
      "integrity": "sha512-R3f198pcvnB+5IpnBlRkphuE9n46WyVl8I39W/ZUTZLz4nqSP/oLYUrcnJrw462Ds8he4YKMov2efsTIw1BDGQ=="
    }
  }
}
